
Microsoft Visual Studio Solution File, Format Version 12.00
# Visual Studio 15
VisualStudioVersion = 15.0.27130.2027
MinimumVisualStudioVersion = 10.0.40219.1
Project("{FAE04EC0-301F-11D3-BF4B-00C04F79EFBC}") = "InTune", "InTune\InTune.csproj", "{E7FB1922-508D-45F1-93A5-141C39482350}"
EndProject
Global
	GlobalSection(SolutionConfigurationPlatforms) = preSolution
		Debug|ARM = Debug|ARM
		Debug|x64 = Debug|x64
		Debug|x86 = Debug|x86
		Release|ARM = Release|ARM
		Release|x64 = Release|x64
		Release|x86 = Release|x86
	EndGlobalSection
	GlobalSection(ProjectConfigurationPlatforms) = postSolution
		{E7FB1922-508D-45F1-93A5-141C39482350}.Debug|ARM.ActiveCfg = Debug|ARM
		{E7FB1922-508D-45F1-93A5-141C39482350}.Debug|ARM.Build.0 = Debug|ARM
		{E7FB1922-508D-45F1-93A5-141C39482350}.Debug|ARM.Deploy.0 = Debug|ARM
		{E7FB1922-508D-45F1-93A5-141C39482350}.Debug|x64.ActiveCfg = Debug|x64
		{E7FB1922-508D-45F1-93A5-141C39482350}.Debug|x64.Build.0 = Debug|x64
		{E7FB1922-508D-45F1-93A5-141C39482350}.Debug|x64.Deploy.0 = Debug|x64
		{E7FB1922-508D-45F1-93A5-141C39482350}.Debug|x86.ActiveCfg = Debug|x86
		{E7FB1922-508D-45F1-93A5-141C39482350}.Debug|x86.Build.0 = Debug|x86
		{E7FB1922-508D-45F1-93A5-141C39482350}.Debug|x86.Deploy.0 = Debug|x86
		{E7FB1922-508D-45F1-93A5-141C39482350}.Release|ARM.ActiveCfg = Release|ARM
		{E7FB1922-508D-45F1-93A5-141C39482350}.Release|ARM.Build.0 = Release|ARM
		{E7FB1922-508D-45F1-93A5-141C39482350}.Release|ARM.Deploy.0 = Release|ARM
		{E7FB1922-508D-45F1-93A5-141C39482350}.Release|x64.ActiveCfg = Release|x64
		{E7FB1922-508D-45F1-93A5-141C39482350}.Release|x64.Build.0 = Release|x64
		{E7FB1922-508D-45F1-93A5-141C39482350}.Release|x64.Deploy.0 = Release|x64
		{E7FB1922-508D-45F1-93A5-141C39482350}.Release|x86.ActiveCfg = Release|x86
		{E7FB1922-508D-45F1-93A5-141C39482350}.Release|x86.Build.0 = Release|x86
		{E7FB1922-508D-45F1-93A5-141C39482350}.Release|x86.Deploy.0 = Release|x86
	EndGlobalSection
	GlobalSection(SolutionProperties) = preSolution
		HideSolutionNode = FALSE
	EndGlobalSection
	GlobalSection(ExtensibilityGlobals) = postSolution
		SolutionGuid = {2BD831E1-58A9-475D-983E-7D040201B371}
	EndGlobalSection
EndGlobal
